// !$*UTF8*$!
{
	archiveVersion = 1;
	classes = {
	};
	objectVersion = 46;
	objects = {

/* Begin PBXBuildFile section */
		40FECF330FDF1939CF82BEEB /* Pods_Fueled.framework in Frameworks */ = {isa = PBXBuildFile; fileRef = 1DD14C2F2BA19E1F7BC9671B /* Pods_Fueled.framework */; };
		775F78A61DF4E8FF003071DA /* LoginViewController.swift in Sources */ = {isa = PBXBuildFile; fileRef = 775F78A51DF4E8FF003071DA /* LoginViewController.swift */; };
		775F78A81DF4EB01003071DA /* StationsViewController.swift in Sources */ = {isa = PBXBuildFile; fileRef = 775F78A71DF4EB01003071DA /* StationsViewController.swift */; };
		775F78AB1DF4EB82003071DA /* FillupObj.swift in Sources */ = {isa = PBXBuildFile; fileRef = 775F78A91DF4EB82003071DA /* FillupObj.swift */; };
		775F78AC1DF4EB82003071DA /* UserObj.swift in Sources */ = {isa = PBXBuildFile; fileRef = 775F78AA1DF4EB82003071DA /* UserObj.swift */; };
		779029411DF4E6EC00D8023D /* AppDelegate.swift in Sources */ = {isa = PBXBuildFile; fileRef = 779029401DF4E6EC00D8023D /* AppDelegate.swift */; };
		779029431DF4E6EC00D8023D /* FillupViewController.swift in Sources */ = {isa = PBXBuildFile; fileRef = 779029421DF4E6EC00D8023D /* FillupViewController.swift */; };
		779029451DF4E6EC00D8023D /* HistoryViewController.swift in Sources */ = {isa = PBXBuildFile; fileRef = 779029441DF4E6EC00D8023D /* HistoryViewController.swift */; };
		779029481DF4E6EC00D8023D /* Main.storyboard in Resources */ = {isa = PBXBuildFile; fileRef = 779029461DF4E6EC00D8023D /* Main.storyboard */; };
		7790294A1DF4E6EC00D8023D /* Assets.xcassets in Resources */ = {isa = PBXBuildFile; fileRef = 779029491DF4E6EC00D8023D /* Assets.xcassets */; };
		7790294D1DF4E6EC00D8023D /* LaunchScreen.storyboard in Resources */ = {isa = PBXBuildFile; fileRef = 7790294B1DF4E6EC00D8023D /* LaunchScreen.storyboard */; };
/* End PBXBuildFile section */

/* Begin PBXFileReference section */
		1DD14C2F2BA19E1F7BC9671B /* Pods_Fueled.framework */ = {isa = PBXFileReference; explicitFileType = wrapper.framework; includeInIndex = 0; path = Pods_Fueled.framework; sourceTree = BUILT_PRODUCTS_DIR; };
		775F78A51DF4E8FF003071DA /* LoginViewController.swift */ = {isa = PBXFileReference; fileEncoding = 4; lastKnownFileType = sourcecode.swift; path = LoginViewController.swift; sourceTree = "<group>"; };
		775F78A71DF4EB01003071DA /* StationsViewController.swift */ = {isa = PBXFileReference; fileEncoding = 4; lastKnownFileType = sourcecode.swift; path = StationsViewController.swift; sourceTree = "<group>"; };
		775F78A91DF4EB82003071DA /* FillupObj.swift */ = {isa = PBXFileReference; fileEncoding = 4; lastKnownFileType = sourcecode.swift; path = FillupObj.swift; sourceTree = "<group>"; };
		775F78AA1DF4EB82003071DA /* UserObj.swift */ = {isa = PBXFileReference; fileEncoding = 4; lastKnownFileType = sourcecode.swift; path = UserObj.swift; sourceTree = "<group>"; };
		7790293D1DF4E6EC00D8023D /* Fueled.app */ = {isa = PBXFileReference; explicitFileType = wrapper.application; includeInIndex = 0; path = Fueled.app; sourceTree = BUILT_PRODUCTS_DIR; };
		779029401DF4E6EC00D8023D /* AppDelegate.swift */ = {isa = PBXFileReference; lastKnownFileType = sourcecode.swift; path = AppDelegate.swift; sourceTree = "<group>"; };
		779029421DF4E6EC00D8023D /* FillupViewController.swift */ = {isa = PBXFileReference; lastKnownFileType = sourcecode.swift; path = FillupViewController.swift; sourceTree = "<group>"; };
		779029441DF4E6EC00D8023D /* HistoryViewController.swift */ = {isa = PBXFileReference; lastKnownFileType = sourcecode.swift; path = HistoryViewController.swift; sourceTree = "<group>"; };
		779029471DF4E6EC00D8023D /* Base */ = {isa = PBXFileReference; lastKnownFileType = file.storyboard; name = Base; path = Base.lproj/Main.storyboard; sourceTree = "<group>"; };
		779029491DF4E6EC00D8023D /* Assets.xcassets */ = {isa = PBXFileReference; lastKnownFileType = folder.assetcatalog; path = Assets.xcassets; sourceTree = "<group>"; };
		7790294C1DF4E6EC00D8023D /* Base */ = {isa = PBXFileReference; lastKnownFileType = file.storyboard; name = Base; path = Base.lproj/LaunchScreen.storyboard; sourceTree = "<group>"; };
		7790294E1DF4E6EC00D8023D /* Info.plist */ = {isa = PBXFileReference; lastKnownFileType = text.plist.xml; path = Info.plist; sourceTree = "<group>"; };
		EF6B4945354F7AAD12D20C8B /* Pods-Fueled.release.xcconfig */ = {isa = PBXFileReference; includeInIndex = 1; lastKnownFileType = text.xcconfig; name = "Pods-Fueled.release.xcconfig"; path = "Pods/Target Support Files/Pods-Fueled/Pods-Fueled.release.xcconfig"; sourceTree = "<group>"; };
		F16D327E24B708FF84BF53FA /* Pods-Fueled.debug.xcconfig */ = {isa = PBXFileReference; includeInIndex = 1; lastKnownFileType = text.xcconfig; name = "Pods-Fueled.debug.xcconfig"; path = "Pods/Target Support Files/Pods-Fueled/Pods-Fueled.debug.xcconfig"; sourceTree = "<group>"; };
/* End PBXFileReference section */

/* Begin PBXFrameworksBuildPhase section */
		7790293A1DF4E6EC00D8023D /* Frameworks */ = {
			isa = PBXFrameworksBuildPhase;
			buildActionMask = 2147483647;
			files = (
				40FECF330FDF1939CF82BEEB /* Pods_Fueled.framework in Frameworks */,
			);
			runOnlyForDeploymentPostprocessing = 0;
		};
/* End PBXFrameworksBuildPhase section */

/* Begin PBXGroup section */
		31E45BF5481E2230FE341FD3 /* Frameworks */ = {
			isa = PBXGroup;
			children = (
				1DD14C2F2BA19E1F7BC9671B /* Pods_Fueled.framework */,
			);
			name = Frameworks;
			sourceTree = "<group>";
		};
		775F78AD1DF4EB86003071DA /* SupportingObjs */ = {
			isa = PBXGroup;
			children = (
				775F78A91DF4EB82003071DA /* FillupObj.swift */,
				775F78AA1DF4EB82003071DA /* UserObj.swift */,
			);
			name = SupportingObjs;
			sourceTree = "<group>";
		};
		779029341DF4E6EC00D8023D = {
			isa = PBXGroup;
			children = (
				7790293F1DF4E6EC00D8023D /* Fueled */,
				7790293E1DF4E6EC00D8023D /* Products */,
				BD6CF46382AEB9E884D19849 /* Pods */,
				31E45BF5481E2230FE341FD3 /* Frameworks */,
			);
			sourceTree = "<group>";
		};
		7790293E1DF4E6EC00D8023D /* Products */ = {
			isa = PBXGroup;
			children = (
				7790293D1DF4E6EC00D8023D /* Fueled.app */,
			);
			name = Products;
			sourceTree = "<group>";
		};
		7790293F1DF4E6EC00D8023D /* Fueled */ = {
			isa = PBXGroup;
			children = (
				779029401DF4E6EC00D8023D /* AppDelegate.swift */,
				779029421DF4E6EC00D8023D /* FillupViewController.swift */,
				779029441DF4E6EC00D8023D /* HistoryViewController.swift */,
				775F78A51DF4E8FF003071DA /* LoginViewController.swift */,
				775F78A71DF4EB01003071DA /* StationsViewController.swift */,
				775F78AD1DF4EB86003071DA /* SupportingObjs */,
				779029461DF4E6EC00D8023D /* Main.storyboard */,
				779029491DF4E6EC00D8023D /* Assets.xcassets */,
				7790294B1DF4E6EC00D8023D /* LaunchScreen.storyboard */,
				7790294E1DF4E6EC00D8023D /* Info.plist */,
			);
			path = Fueled;
			sourceTree = "<group>";
		};
		BD6CF46382AEB9E884D19849 /* Pods */ = {
			isa = PBXGroup;
			children = (
				F16D327E24B708FF84BF53FA /* Pods-Fueled.debug.xcconfig */,
				EF6B4945354F7AAD12D20C8B /* Pods-Fueled.release.xcconfig */,
			);
			name = Pods;
			sourceTree = "<group>";
		};
/* End PBXGroup section */

/* Begin PBXNativeTarget section */
		7790293C1DF4E6EC00D8023D /* Fueled */ = {
			isa = PBXNativeTarget;
			buildConfigurationList = 779029511DF4E6EC00D8023D /* Build configuration list for PBXNativeTarget "Fueled" */;
			buildPhases = (
				40801970EBFB7AFE090EA8F0 /* [CP] Check Pods Manifest.lock */,
				779029391DF4E6EC00D8023D /* Sources */,
				7790293A1DF4E6EC00D8023D /* Frameworks */,
				7790293B1DF4E6EC00D8023D /* Resources */,
				FA358BA1136327457EB294C4 /* [CP] Embed Pods Frameworks */,
				FEE9337193576D97EA67F857 /* [CP] Copy Pods Resources */,
			);
			buildRules = (
			);
			dependencies = (
			);
			name = Fueled;
			productName = Fueled;
			productReference = 7790293D1DF4E6EC00D8023D /* Fueled.app */;
			productType = "com.apple.product-type.application";
		};
/* End PBXNativeTarget section */

/* Begin PBXProject section */
		779029351DF4E6EC00D8023D /* Project object */ = {
			isa = PBXProject;
			attributes = {
				LastSwiftUpdateCheck = 0800;
				LastUpgradeCheck = 0800;
				ORGANIZATIONNAME = "Jourdan Lieblich";
				TargetAttributes = {
					7790293C1DF4E6EC00D8023D = {
						CreatedOnToolsVersion = 8.0;
						DevelopmentTeam = CPD2S556M2;
						ProvisioningStyle = Automatic;
					};
				};
			};
			buildConfigurationList = 779029381DF4E6EC00D8023D /* Build configuration list for PBXProject "Fueled" */;
			compatibilityVersion = "Xcode 3.2";
			developmentRegion = English;
			hasScannedForEncodings = 0;
			knownRegions = (
				en,
				Base,
			);
			mainGroup = 779029341DF4E6EC00D8023D;
			productRefGroup = 7790293E1DF4E6EC00D8023D /* Products */;
			projectDirPath = "";
			projectRoot = "";
			targets = (
				7790293C1DF4E6EC00D8023D /* Fueled */,
			);
		};
/* End PBXProject section */

/* Begin PBXResourcesBuildPhase section */
		7790293B1DF4E6EC00D8023D /* Resources */ = {
			isa = PBXResourcesBuildPhase;
			buildActionMask = 2147483647;
			files = (
				7790294D1DF4E6EC00D8023D /* LaunchScreen.storyboard in Resources */,
				7790294A1DF4E6EC00D8023D /* Assets.xcassets in Resources */,
				779029481DF4E6EC00D8023D /* Main.storyboard in Resources */,
			);
			runOnlyForDeploymentPostprocessing = 0;
		};
/* End PBXResourcesBuildPhase section */

/* Begin PBXShellScriptBuildPhase section */
		40801970EBFB7AFE090EA8F0 /* [CP] Check Pods Manifest.lock */ = {
			isa = PBXShellScriptBuildPhase;
			buildActionMask = 2147483647;
			files = (
			);
			inputPaths = (
			);
			name = "[CP] Check Pods Manifest.lock";
			outputPaths = (
			);
			runOnlyForDeploymentPostprocessing = 0;
			shellPath = /bin/sh;
			shellScript = "diff \"${PODS_ROOT}/../Podfile.lock\" \"${PODS_ROOT}/Manifest.lock\" > /dev/null\nif [[ $? != 0 ]] ; then\n    cat << EOM\nerror: The sandbox is not in sync with the Podfile.lock. Run 'pod install' or update your CocoaPods installation.\nEOM\n    exit 1\nfi\n";
			showEnvVarsInLog = 0;
		};
		FA358BA1136327457EB294C4 /* [CP] Embed Pods Frameworks */ = {
			isa = PBXShellScriptBuildPhase;
			buildActionMask = 2147483647;
			files = (
			);
			inputPaths = (
			);
			name = "[CP] Embed Pods Frameworks";
			outputPaths = (
			);
			runOnlyForDeploymentPostprocessing = 0;
			shellPath = /bin/sh;
			shellScript = "\"${SRCROOT}/Pods/Target Support Files/Pods-Fueled/Pods-Fueled-frameworks.sh\"\n";
			showEnvVarsInLog = 0;
		};
		FEE9337193576D97EA67F857 /* [CP] Copy Pods Resources */ = {
			isa = PBXShellScriptBuildPhase;
			buildActionMask = 2147483647;
			files = (
			);
			inputPaths = (
			);
			name = "[CP] Copy Pods Resources";
			outputPaths = (
			);
			runOnlyForDeploymentPostprocessing = 0;
			shellPath = /bin/sh;
			shellScript = "\"${SRCROOT}/Pods/Target Support Files/Pods-Fueled/Pods-Fueled-resources.sh\"\n";
			showEnvVarsInLog = 0;
		};
/* End PBXShellScriptBuildPhase section */

/* Begin PBXSourcesBuildPhase section */
		779029391DF4E6EC00D8023D /* Sources */ = {
			isa = PBXSourcesBuildPhase;
			buildActionMask = 2147483647;
			files = (
				775F78A61DF4E8FF003071DA /* LoginViewController.swift in Sources */,
				775F78AC1DF4EB82003071DA /* UserObj.swift in Sources */,
				779029451DF4E6EC00D8023D /* HistoryViewController.swift in Sources */,
				779029411DF4E6EC00D8023D /* AppDelegate.swift in Sources */,
				775F78A81DF4EB01003071DA /* StationsViewController.swift in Sources */,
				779029431DF4E6EC00D8023D /* FillupViewController.swift in Sources */,
				775F78AB1DF4EB82003071DA /* FillupObj.swift in Sources */,
			);
			runOnlyForDeploymentPostprocessing = 0;
		};
/* End PBXSourcesBuildPhase section */

/* Begin PBXVariantGroup section */
		779029461DF4E6EC00D8023D /* Main.storyboard */ = {
			isa = PBXVariantGroup;
			children = (
				779029471DF4E6EC00D8023D /* Base */,
			);
			name = Main.storyboard;
			sourceTree = "<group>";
		};
		7790294B1DF4E6EC00D8023D /* LaunchScreen.storyboard */ = {
			isa = PBXVariantGroup;
			children = (
				7790294C1DF4E6EC00D8023D /* Base */,
			);
			name = LaunchScreen.storyboard;
			sourceTree = "<group>";
		};
/* End PBXVariantGroup section */

/* Begin XCBuildConfiguration section */
		7790294F1DF4E6EC00D8023D /* Debug */ = {
			isa = XCBuildConfiguration;
			buildSettings = {
				ALWAYS_SEARCH_USER_PATHS = NO;
				CLANG_ANALYZER_NONNULL = YES;
				CLANG_CXX_LANGUAGE_STANDARD = "gnu++0x";
				CLANG_CXX_LIBRARY = "libc++";
				CLANG_ENABLE_MODULES = YES;
				CLANG_ENABLE_OBJC_ARC = YES;
				CLANG_WARN_BOOL_CONVERSION = YES;
				CLANG_WARN_CONSTANT_CONVERSION = YES;
				CLANG_WARN_DIRECT_OBJC_ISA_USAGE = YES_ERROR;
				CLANG_WARN_DOCUMENTATION_COMMENTS = YES;
				CLANG_WARN_EMPTY_BODY = YES;
				CLANG_WARN_ENUM_CONVERSION = YES;
				CLANG_WARN_INFINITE_RECURSION = YES;
				CLANG_WARN_INT_CONVERSION = YES;
				CLANG_WARN_OBJC_ROOT_CLASS = YES_ERROR;
				CLANG_WARN_SUSPICIOUS_MOVES = YES;
				CLANG_WARN_UNREACHABLE_CODE = YES;
				CLANG_WARN__DUPLICATE_METHOD_MATCH = YES;
				"CODE_SIGN_IDENTITY[sdk=iphoneos*]" = "iPhone Developer";
				COPY_PHASE_STRIP = NO;
				DEBUG_INFORMATION_FORMAT = dwarf;
				ENABLE_STRICT_OBJC_MSGSEND = YES;
				ENABLE_TESTABILITY = YES;
				GCC_C_LANGUAGE_STANDARD = gnu99;
				GCC_DYNAMIC_NO_PIC = NO;
				GCC_NO_COMMON_BLOCKS = YES;
				GCC_OPTIMIZATION_LEVEL = 0;
				GCC_PREPROCESSOR_DEFINITIONS = (
					"DEBUG=1",
					"$(inherited)",
				);
				GCC_WARN_64_TO_32_BIT_CONVERSION = YES;
				GCC_WARN_ABOUT_RETURN_TYPE = YES_ERROR;
				GCC_WARN_UNDECLARED_SELECTOR = YES;
				GCC_WARN_UNINITIALIZED_AUTOS = YES_AGGRESSIVE;
				GCC_WARN_UNUSED_FUNCTION = YES;
				GCC_WARN_UNUSED_VARIABLE = YES;
				IPHONEOS_DEPLOYMENT_TARGET = 10.0;
				MTL_ENABLE_DEBUG_INFO = YES;
				ONLY_ACTIVE_ARCH = YES;
				SDKROOT = iphoneos;
				SWIFT_ACTIVE_COMPILATION_CONDITIONS = DEBUG;
				SWIFT_OPTIMIZATION_LEVEL = "-Onone";
			};
			name = Debug;
		};
		779029501DF4E6EC00D8023D /* Release */ = {
			isa = XCBuildConfiguration;
			buildSettings = {
				ALWAYS_SEARCH_USER_PATHS = NO;
				CLANG_ANALYZER_NONNULL = YES;
				CLANG_CXX_LANGUAGE_STANDARD = "gnu++0x";
				CLANG_CXX_LIBRARY = "libc++";
				CLANG_ENABLE_MODULES = YES;
				CLANG_ENABLE_OBJC_ARC = YES;
				CLANG_WARN_BOOL_CONVERSION = YES;
				CLANG_WARN_CONSTANT_CONVERSION = YES;
				CLANG_WARN_DIRECT_OBJC_ISA_USAGE = YES_ERROR;
				CLANG_WARN_DOCUMENTATION_COMMENTS = YES;
				CLANG_WARN_EMPTY_BODY = YES;
				CLANG_WARN_ENUM_CONVERSION = YES;
				CLANG_WARN_INFINITE_RECURSION = YES;
				CLANG_WARN_INT_CONVERSION = YES;
				CLANG_WARN_OBJC_ROOT_CLASS = YES_ERROR;
				CLANG_WARN_SUSPICIOUS_MOVES = YES;
				CLANG_WARN_UNREACHABLE_CODE = YES;
				CLANG_WARN__DUPLICATE_METHOD_MATCH = YES;
				"CODE_SIGN_IDENTITY[sdk=iphoneos*]" = "iPhone Developer";
				COPY_PHASE_STRIP = NO;
				DEBUG_INFORMATION_FORMAT = "dwarf-with-dsym";
				ENABLE_NS_ASSERTIONS = NO;
				ENABLE_STRICT_OBJC_MSGSEND = YES;
				GCC_C_LANGUAGE_STANDARD = gnu99;
				GCC_NO_COMMON_BLOCKS = YES;
				GCC_WARN_64_TO_32_BIT_CONVERSION = YES;
				GCC_WARN_ABOUT_RETURN_TYPE = YES_ERROR;
				GCC_WARN_UNDECLARED_SELECTOR = YES;
				GCC_WARN_UNINITIALIZED_AUTOS = YES_AGGRESSIVE;
				GCC_WARN_UNUSED_FUNCTION = YES;
				GCC_WARN_UNUSED_VARIABLE = YES;
				IPHONEOS_DEPLOYMENT_TARGET = 10.0;
				MTL_ENABLE_DEBUG_INFO = NO;
				SDKROOT = iphoneos;
				SWIFT_OPTIMIZATION_LEVEL = "-Owholemodule";
				VALIDATE_PRODUCT = YES;
			};
			name = Release;
		};
		779029521DF4E6EC00D8023D /* Debug */ = {
			isa = XCBuildConfiguration;
			baseConfigurationReference = F16D327E24B708FF84BF53FA /* Pods-Fueled.debug.xcconfig */;
			buildSettings = {
				ASSETCATALOG_COMPILER_APPICON_NAME = AppIcon;
				DEVELOPMENT_TEAM = CPD2S556M2;
				INFOPLIST_FILE = Fueled/Info.plist;
				LD_RUNPATH_SEARCH_PATHS = "$(inherited) @executable_path/Frameworks";
				PRODUCT_BUNDLE_IDENTIFIER = VJA.Fueled;
				PRODUCT_NAME = "$(TARGET_NAME)";
				SWIFT_VERSION = 3.0;
			};
			name = Debug;
		};
		779029531DF4E6EC00D8023D /* Release */ = {
			isa = XCBuildConfiguration;
			baseConfigurationReference = EF6B4945354F7AAD12D20C8B /* Pods-Fueled.release.xcconfig */;
			buildSettings = {
				ASSETCATALOG_COMPILER_APPICON_NAME = AppIcon;
				DEVELOPMENT_TEAM = CPD2S556M2;
				INFOPLIST_FILE = Fueled/Info.plist;
				LD_RUNPATH_SEARCH_PATHS = "$(inherited) @executable_path/Frameworks";
				PRODUCT_BUNDLE_IDENTIFIER = VJA.Fueled;
				PRODUCT_NAME = "$(TARGET_NAME)";
				SWIFT_VERSION = 3.0;
			};
			name = Release;
		};
/* End XCBuildConfiguration section */

/* Begin XCConfigurationList section */
		779029381DF4E6EC00D8023D /* Build configuration list for PBXProject "Fueled" */ = {
			isa = XCConfigurationList;
			buildConfigurations = (
				7790294F1DF4E6EC00D8023D /* Debug */,
				779029501DF4E6EC00D8023D /* Release */,
			);
			defaultConfigurationIsVisible = 0;
			defaultConfigurationName = Release;
		};
		779029511DF4E6EC00D8023D /* Build configuration list for PBXNativeTarget "Fueled" */ = {
			isa = XCConfigurationList;
			buildConfigurations = (
				779029521DF4E6EC00D8023D /* Debug */,
				779029531DF4E6EC00D8023D /* Release */,
			);
			defaultConfigurationIsVisible = 0;
			defaultConfigurationName = Release;
		};
/* End XCConfigurationList section */
	};
	rootObject = 779029351DF4E6EC00D8023D /* Project object */;
}
